
Microsoft Visual Studio Solution File, Format Version 12.00
# Visual Studio Version 16
VisualStudioVersion = 16.0.31624.102
MinimumVisualStudioVersion = 10.0.40219.1
Project("{FAE04EC0-301F-11D3-BF4B-00C04F79EFBC}") = "Lab1", "Lab1\Lab1.csproj", "{A0379C6A-385A-46DA-8A6D-2D619B15DF38}"
EndProject
Project("{FAE04EC0-301F-11D3-BF4B-00C04F79EFBC}") = "Project1", "Project1\Project1.csproj", "{AB36C771-6A92-468E-903A-08BBE9403409}"
EndProject
Global
	GlobalSection(SolutionConfigurationPlatforms) = preSolution
		Debug|Any CPU = Debug|Any CPU
		Release|Any CPU = Release|Any CPU
	EndGlobalSection
	GlobalSection(ProjectConfigurationPlatforms) = postSolution
		{A0379C6A-385A-46DA-8A6D-2D619B15DF38}.Debug|Any CPU.ActiveCfg = Debug|Any CPU
		{A0379C6A-385A-46DA-8A6D-2D619B15DF38}.Debug|Any CPU.Build.0 = Debug|Any CPU
		{A0379C6A-385A-46DA-8A6D-2D619B15DF38}.Release|Any CPU.ActiveCfg = Release|Any CPU
		{A0379C6A-385A-46DA-8A6D-2D619B15DF38}.Release|Any CPU.Build.0 = Release|Any CPU
		{AB36C771-6A92-468E-903A-08BBE9403409}.Debug|Any CPU.ActiveCfg = Debug|Any CPU
		{AB36C771-6A92-468E-903A-08BBE9403409}.Debug|Any CPU.Build.0 = Debug|Any CPU
		{AB36C771-6A92-468E-903A-08BBE9403409}.Release|Any CPU.ActiveCfg = Release|Any CPU
		{AB36C771-6A92-468E-903A-08BBE9403409}.Release|Any CPU.Build.0 = Release|Any CPU
	EndGlobalSection
	GlobalSection(SolutionProperties) = preSolution
		HideSolutionNode = FALSE
	EndGlobalSection
	GlobalSection(ExtensibilityGlobals) = postSolution
		SolutionGuid = {D3F7842C-A726-4E5D-9CF1-38E1EC84B6BC}
	EndGlobalSection
EndGlobal
